
Microsoft Visual Studio Solution File, Format Version 12.00
# Visual Studio Version 16
VisualStudioVersion = 16.0.30413.136
MinimumVisualStudioVersion = 10.0.40219.1
Project("{FAE04EC0-301F-11D3-BF4B-00C04F79EFBC}") = "ElevenNote.WebAPI", "ElevenNote.WebAPI\ElevenNote.WebAPI.csproj", "{2EB0D66A-A6CE-407A-80A1-0B49124F442D}"
EndProject
Project("{FAE04EC0-301F-11D3-BF4B-00C04F79EFBC}") = "ElevenNote.Data", "ElevenNote.Data\ElevenNote.Data.csproj", "{99CF8479-6367-4074-8E8C-7A8D1BF968CF}"
EndProject
Project("{FAE04EC0-301F-11D3-BF4B-00C04F79EFBC}") = "ElevenNote.Models", "ElevenNote.Models\ElevenNote.Models.csproj", "{2EE77EDC-5D4B-438E-9C6A-47AD42936364}"
EndProject
Project("{FAE04EC0-301F-11D3-BF4B-00C04F79EFBC}") = "ElevenNote.Services", "ElevenNote.Services\ElevenNote.Services.csproj", "{A1633F03-E6D4-40E8-8A7A-453C15D4FAD1}"
EndProject
Global
	GlobalSection(SolutionConfigurationPlatforms) = preSolution
		Debug|Any CPU = Debug|Any CPU
		Release|Any CPU = Release|Any CPU
	EndGlobalSection
	GlobalSection(ProjectConfigurationPlatforms) = postSolution
		{2EB0D66A-A6CE-407A-80A1-0B49124F442D}.Debug|Any CPU.ActiveCfg = Debug|Any CPU
		{2EB0D66A-A6CE-407A-80A1-0B49124F442D}.Debug|Any CPU.Build.0 = Debug|Any CPU
		{2EB0D66A-A6CE-407A-80A1-0B49124F442D}.Release|Any CPU.ActiveCfg = Release|Any CPU
		{2EB0D66A-A6CE-407A-80A1-0B49124F442D}.Release|Any CPU.Build.0 = Release|Any CPU
		{99CF8479-6367-4074-8E8C-7A8D1BF968CF}.Debug|Any CPU.ActiveCfg = Debug|Any CPU
		{99CF8479-6367-4074-8E8C-7A8D1BF968CF}.Debug|Any CPU.Build.0 = Debug|Any CPU
		{99CF8479-6367-4074-8E8C-7A8D1BF968CF}.Release|Any CPU.ActiveCfg = Release|Any CPU
		{99CF8479-6367-4074-8E8C-7A8D1BF968CF}.Release|Any CPU.Build.0 = Release|Any CPU
		{2EE77EDC-5D4B-438E-9C6A-47AD42936364}.Debug|Any CPU.ActiveCfg = Debug|Any CPU
		{2EE77EDC-5D4B-438E-9C6A-47AD42936364}.Debug|Any CPU.Build.0 = Debug|Any CPU
		{2EE77EDC-5D4B-438E-9C6A-47AD42936364}.Release|Any CPU.ActiveCfg = Release|Any CPU
		{2EE77EDC-5D4B-438E-9C6A-47AD42936364}.Release|Any CPU.Build.0 = Release|Any CPU
		{A1633F03-E6D4-40E8-8A7A-453C15D4FAD1}.Debug|Any CPU.ActiveCfg = Debug|Any CPU
		{A1633F03-E6D4-40E8-8A7A-453C15D4FAD1}.Debug|Any CPU.Build.0 = Debug|Any CPU
		{A1633F03-E6D4-40E8-8A7A-453C15D4FAD1}.Release|Any CPU.ActiveCfg = Release|Any CPU
		{A1633F03-E6D4-40E8-8A7A-453C15D4FAD1}.Release|Any CPU.Build.0 = Release|Any CPU
	EndGlobalSection
	GlobalSection(SolutionProperties) = preSolution
		HideSolutionNode = FALSE
	EndGlobalSection
	GlobalSection(ExtensibilityGlobals) = postSolution
		SolutionGuid = {94BD35A8-A8AF-4404-ABB7-8FFBAC6D5D00}
	EndGlobalSection
EndGlobal
